
Microsoft Visual Studio Solution File, Format Version 12.00
# Visual Studio 15
VisualStudioVersion = 15.0.27004.2005
MinimumVisualStudioVersion = 10.0.40219.1
Project("{FAE04EC0-301F-11D3-BF4B-00C04F79EFBC}") = "Inspire.Portal", "Inspire.Portal\Inspire.Portal.csproj", "{28D56A69-48A9-4786-A4CC-C3E3A0D1A077}"
EndProject
Project("{FAE04EC0-301F-11D3-BF4B-00C04F79EFBC}") = "Inspire.Data", "Inspire.Data\Inspire.Data.csproj", "{DAE4F735-F7DE-4309-A906-22D2559224EF}"
EndProject
Project("{FAE04EC0-301F-11D3-BF4B-00C04F79EFBC}") = "Inspire.Domain", "Inspire.Domain\Inspire.Domain.csproj", "{FD85D64F-083B-4B3D-B4FE-03DC15FDDE5E}"
EndProject
Project("{FAE04EC0-301F-11D3-BF4B-00C04F79EFBC}") = "Inspire.Repository", "Inspire.Repository\Inspire.Repository.csproj", "{32724462-F7DD-4DCC-A6F2-59E11D754D37}"
EndProject
Project("{FAE04EC0-301F-11D3-BF4B-00C04F79EFBC}") = "Inspire.Service", "Inspire.Service\Inspire.Service.csproj", "{19C5C355-0662-4451-8D10-A154359D8F9C}"
EndProject
Project("{2150E333-8FDC-42A3-9474-1A3956D46DE8}") = "Domain", "Domain", "{6A096DDB-F36B-4F3F-9976-0E7A1596F051}"
EndProject
Project("{2150E333-8FDC-42A3-9474-1A3956D46DE8}") = "Test", "Test", "{4DCCCA72-8D7A-4987-9EEB-DF24990FAD6F}"
EndProject
Project("{2150E333-8FDC-42A3-9474-1A3956D46DE8}") = "Common", "Common", "{D6A9ED4A-3D32-4BF6-AEB6-70014A282209}"
EndProject
Project("{FAE04EC0-301F-11D3-BF4B-00C04F79EFBC}") = "Inspire.Portal.IoC", "Inspire.Portal.IoC\Inspire.Portal.IoC.csproj", "{EC16DCD2-2B14-4571-8B96-943C8368BB62}"
EndProject
Project("{FAE04EC0-301F-11D3-BF4B-00C04F79EFBC}") = "Inspire.Test.Integration", "Inspire.Test.Integration\Inspire.Test.Integration.csproj", "{4ADD547B-3AA0-45D1-8974-78BA94DDDB08}"
EndProject
Project("{FAE04EC0-301F-11D3-BF4B-00C04F79EFBC}") = "Inspire.Test.Unit", "Inspire.Test.Unit\Inspire.Test.Unit.csproj", "{98024785-F2AB-4B4D-BF61-4B44749739D5}"
EndProject
Project("{FAE04EC0-301F-11D3-BF4B-00C04F79EFBC}") = "Inspire.Common.Mvc", "Inspire.Common.Mvc\Inspire.Common.Mvc.csproj", "{39DC8A3D-5E21-4798-B859-37FC79A42482}"
EndProject
Project("{FAE04EC0-301F-11D3-BF4B-00C04F79EFBC}") = "Inspire.Core", "Inspire.Core\Inspire.Core.csproj", "{721330DE-8F7A-4A72-89A5-57595F1853B1}"
EndProject
Project("{FAE04EC0-301F-11D3-BF4B-00C04F79EFBC}") = "Inspire.Infrastructure", "Inspire.Infrastructure\Inspire.Infrastructure.csproj", "{63C87CEF-CE4E-4A4A-968E-F97715549FB4}"
EndProject
Project("{FAE04EC0-301F-11D3-BF4B-00C04F79EFBC}") = "Inspire.Model", "Inspire.Model\Inspire.Model.csproj", "{83AE88F0-D973-41D2-B5E8-8DBBEAFD1F44}"
EndProject
Project("{FAE04EC0-301F-11D3-BF4B-00C04F79EFBC}") = "Inspire.Utilities", "Inspire.Utilities\Inspire.Utilities.csproj", "{23D3FBF4-49D3-44E6-9F6B-9FDC1EFA293E}"
EndProject
Project("{FAE04EC0-301F-11D3-BF4B-00C04F79EFBC}") = "Inspire.Table.Mvc", "Inspire.Table.Mvc\Inspire.Table.Mvc.csproj", "{6207440C-0D71-45FC-BBC8-AF12ADF25C99}"
EndProject
Global
	GlobalSection(SubversionScc) = preSolution
		Svn-Managed = True
		Manager = AnkhSVN - Subversion Support for Visual Studio
	EndGlobalSection
	GlobalSection(SolutionConfigurationPlatforms) = preSolution
		Debug|Any CPU = Debug|Any CPU
		Production|Any CPU = Production|Any CPU
		Release|Any CPU = Release|Any CPU
		Test|Any CPU = Test|Any CPU
	EndGlobalSection
	GlobalSection(ProjectConfigurationPlatforms) = postSolution
		{28D56A69-48A9-4786-A4CC-C3E3A0D1A077}.Debug|Any CPU.ActiveCfg = Debug|Any CPU
		{28D56A69-48A9-4786-A4CC-C3E3A0D1A077}.Debug|Any CPU.Build.0 = Debug|Any CPU
		{28D56A69-48A9-4786-A4CC-C3E3A0D1A077}.Production|Any CPU.ActiveCfg = Production|Any CPU
		{28D56A69-48A9-4786-A4CC-C3E3A0D1A077}.Production|Any CPU.Build.0 = Production|Any CPU
		{28D56A69-48A9-4786-A4CC-C3E3A0D1A077}.Release|Any CPU.ActiveCfg = Test|Any CPU
		{28D56A69-48A9-4786-A4CC-C3E3A0D1A077}.Release|Any CPU.Build.0 = Test|Any CPU
		{28D56A69-48A9-4786-A4CC-C3E3A0D1A077}.Test|Any CPU.ActiveCfg = Test|Any CPU
		{28D56A69-48A9-4786-A4CC-C3E3A0D1A077}.Test|Any CPU.Build.0 = Test|Any CPU
		{DAE4F735-F7DE-4309-A906-22D2559224EF}.Debug|Any CPU.ActiveCfg = Debug|Any CPU
		{DAE4F735-F7DE-4309-A906-22D2559224EF}.Debug|Any CPU.Build.0 = Debug|Any CPU
		{DAE4F735-F7DE-4309-A906-22D2559224EF}.Production|Any CPU.ActiveCfg = Production|Any CPU
		{DAE4F735-F7DE-4309-A906-22D2559224EF}.Production|Any CPU.Build.0 = Production|Any CPU
		{DAE4F735-F7DE-4309-A906-22D2559224EF}.Release|Any CPU.ActiveCfg = Test|Any CPU
		{DAE4F735-F7DE-4309-A906-22D2559224EF}.Release|Any CPU.Build.0 = Test|Any CPU
		{DAE4F735-F7DE-4309-A906-22D2559224EF}.Test|Any CPU.ActiveCfg = Test|Any CPU
		{DAE4F735-F7DE-4309-A906-22D2559224EF}.Test|Any CPU.Build.0 = Test|Any CPU
		{FD85D64F-083B-4B3D-B4FE-03DC15FDDE5E}.Debug|Any CPU.ActiveCfg = Debug|Any CPU
		{FD85D64F-083B-4B3D-B4FE-03DC15FDDE5E}.Debug|Any CPU.Build.0 = Debug|Any CPU
		{FD85D64F-083B-4B3D-B4FE-03DC15FDDE5E}.Production|Any CPU.ActiveCfg = Production|Any CPU
		{FD85D64F-083B-4B3D-B4FE-03DC15FDDE5E}.Production|Any CPU.Build.0 = Production|Any CPU
		{FD85D64F-083B-4B3D-B4FE-03DC15FDDE5E}.Release|Any CPU.ActiveCfg = Test|Any CPU
		{FD85D64F-083B-4B3D-B4FE-03DC15FDDE5E}.Release|Any CPU.Build.0 = Test|Any CPU
		{FD85D64F-083B-4B3D-B4FE-03DC15FDDE5E}.Test|Any CPU.ActiveCfg = Test|Any CPU
		{FD85D64F-083B-4B3D-B4FE-03DC15FDDE5E}.Test|Any CPU.Build.0 = Test|Any CPU
		{32724462-F7DD-4DCC-A6F2-59E11D754D37}.Debug|Any CPU.ActiveCfg = Debug|Any CPU
		{32724462-F7DD-4DCC-A6F2-59E11D754D37}.Debug|Any CPU.Build.0 = Debug|Any CPU
		{32724462-F7DD-4DCC-A6F2-59E11D754D37}.Production|Any CPU.ActiveCfg = Production|Any CPU
		{32724462-F7DD-4DCC-A6F2-59E11D754D37}.Production|Any CPU.Build.0 = Production|Any CPU
		{32724462-F7DD-4DCC-A6F2-59E11D754D37}.Release|Any CPU.ActiveCfg = Test|Any CPU
		{32724462-F7DD-4DCC-A6F2-59E11D754D37}.Release|Any CPU.Build.0 = Test|Any CPU
		{32724462-F7DD-4DCC-A6F2-59E11D754D37}.Test|Any CPU.ActiveCfg = Test|Any CPU
		{32724462-F7DD-4DCC-A6F2-59E11D754D37}.Test|Any CPU.Build.0 = Test|Any CPU
		{19C5C355-0662-4451-8D10-A154359D8F9C}.Debug|Any CPU.ActiveCfg = Debug|Any CPU
		{19C5C355-0662-4451-8D10-A154359D8F9C}.Debug|Any CPU.Build.0 = Debug|Any CPU
		{19C5C355-0662-4451-8D10-A154359D8F9C}.Production|Any CPU.ActiveCfg = Production|Any CPU
		{19C5C355-0662-4451-8D10-A154359D8F9C}.Production|Any CPU.Build.0 = Production|Any CPU
		{19C5C355-0662-4451-8D10-A154359D8F9C}.Release|Any CPU.ActiveCfg = Test|Any CPU
		{19C5C355-0662-4451-8D10-A154359D8F9C}.Release|Any CPU.Build.0 = Test|Any CPU
		{19C5C355-0662-4451-8D10-A154359D8F9C}.Test|Any CPU.ActiveCfg = Test|Any CPU
		{19C5C355-0662-4451-8D10-A154359D8F9C}.Test|Any CPU.Build.0 = Test|Any CPU
		{EC16DCD2-2B14-4571-8B96-943C8368BB62}.Debug|Any CPU.ActiveCfg = Debug|Any CPU
		{EC16DCD2-2B14-4571-8B96-943C8368BB62}.Debug|Any CPU.Build.0 = Debug|Any CPU
		{EC16DCD2-2B14-4571-8B96-943C8368BB62}.Production|Any CPU.ActiveCfg = Production|Any CPU
		{EC16DCD2-2B14-4571-8B96-943C8368BB62}.Production|Any CPU.Build.0 = Production|Any CPU
		{EC16DCD2-2B14-4571-8B96-943C8368BB62}.Release|Any CPU.ActiveCfg = Test|Any CPU
		{EC16DCD2-2B14-4571-8B96-943C8368BB62}.Release|Any CPU.Build.0 = Test|Any CPU
		{EC16DCD2-2B14-4571-8B96-943C8368BB62}.Test|Any CPU.ActiveCfg = Test|Any CPU
		{EC16DCD2-2B14-4571-8B96-943C8368BB62}.Test|Any CPU.Build.0 = Test|Any CPU
		{4ADD547B-3AA0-45D1-8974-78BA94DDDB08}.Debug|Any CPU.ActiveCfg = Debug|Any CPU
		{4ADD547B-3AA0-45D1-8974-78BA94DDDB08}.Debug|Any CPU.Build.0 = Debug|Any CPU
		{4ADD547B-3AA0-45D1-8974-78BA94DDDB08}.Production|Any CPU.ActiveCfg = Production|Any CPU
		{4ADD547B-3AA0-45D1-8974-78BA94DDDB08}.Production|Any CPU.Build.0 = Production|Any CPU
		{4ADD547B-3AA0-45D1-8974-78BA94DDDB08}.Release|Any CPU.ActiveCfg = Test|Any CPU
		{4ADD547B-3AA0-45D1-8974-78BA94DDDB08}.Release|Any CPU.Build.0 = Test|Any CPU
		{4ADD547B-3AA0-45D1-8974-78BA94DDDB08}.Test|Any CPU.ActiveCfg = Test|Any CPU
		{4ADD547B-3AA0-45D1-8974-78BA94DDDB08}.Test|Any CPU.Build.0 = Test|Any CPU
		{98024785-F2AB-4B4D-BF61-4B44749739D5}.Debug|Any CPU.ActiveCfg = Debug|Any CPU
		{98024785-F2AB-4B4D-BF61-4B44749739D5}.Debug|Any CPU.Build.0 = Debug|Any CPU
		{98024785-F2AB-4B4D-BF61-4B44749739D5}.Production|Any CPU.ActiveCfg = Production|Any CPU
		{98024785-F2AB-4B4D-BF61-4B44749739D5}.Production|Any CPU.Build.0 = Production|Any CPU
		{98024785-F2AB-4B4D-BF61-4B44749739D5}.Release|Any CPU.ActiveCfg = Test|Any CPU
		{98024785-F2AB-4B4D-BF61-4B44749739D5}.Release|Any CPU.Build.0 = Test|Any CPU
		{98024785-F2AB-4B4D-BF61-4B44749739D5}.Test|Any CPU.ActiveCfg = Test|Any CPU
		{98024785-F2AB-4B4D-BF61-4B44749739D5}.Test|Any CPU.Build.0 = Test|Any CPU
		{39DC8A3D-5E21-4798-B859-37FC79A42482}.Debug|Any CPU.ActiveCfg = Debug|Any CPU
		{39DC8A3D-5E21-4798-B859-37FC79A42482}.Debug|Any CPU.Build.0 = Debug|Any CPU
		{39DC8A3D-5E21-4798-B859-37FC79A42482}.Production|Any CPU.ActiveCfg = Production|Any CPU
		{39DC8A3D-5E21-4798-B859-37FC79A42482}.Production|Any CPU.Build.0 = Production|Any CPU
		{39DC8A3D-5E21-4798-B859-37FC79A42482}.Release|Any CPU.ActiveCfg = Test|Any CPU
		{39DC8A3D-5E21-4798-B859-37FC79A42482}.Release|Any CPU.Build.0 = Test|Any CPU
		{39DC8A3D-5E21-4798-B859-37FC79A42482}.Test|Any CPU.ActiveCfg = Test|Any CPU
		{39DC8A3D-5E21-4798-B859-37FC79A42482}.Test|Any CPU.Build.0 = Test|Any CPU
		{721330DE-8F7A-4A72-89A5-57595F1853B1}.Debug|Any CPU.ActiveCfg = Debug|Any CPU
		{721330DE-8F7A-4A72-89A5-57595F1853B1}.Debug|Any CPU.Build.0 = Debug|Any CPU
		{721330DE-8F7A-4A72-89A5-57595F1853B1}.Production|Any CPU.ActiveCfg = Production|Any CPU
		{721330DE-8F7A-4A72-89A5-57595F1853B1}.Production|Any CPU.Build.0 = Production|Any CPU
		{721330DE-8F7A-4A72-89A5-57595F1853B1}.Release|Any CPU.ActiveCfg = Test|Any CPU
		{721330DE-8F7A-4A72-89A5-57595F1853B1}.Release|Any CPU.Build.0 = Test|Any CPU
		{721330DE-8F7A-4A72-89A5-57595F1853B1}.Test|Any CPU.ActiveCfg = Test|Any CPU
		{721330DE-8F7A-4A72-89A5-57595F1853B1}.Test|Any CPU.Build.0 = Test|Any CPU
		{63C87CEF-CE4E-4A4A-968E-F97715549FB4}.Debug|Any CPU.ActiveCfg = Debug|Any CPU
		{63C87CEF-CE4E-4A4A-968E-F97715549FB4}.Debug|Any CPU.Build.0 = Debug|Any CPU
		{63C87CEF-CE4E-4A4A-968E-F97715549FB4}.Production|Any CPU.ActiveCfg = Production|Any CPU
		{63C87CEF-CE4E-4A4A-968E-F97715549FB4}.Production|Any CPU.Build.0 = Production|Any CPU
		{63C87CEF-CE4E-4A4A-968E-F97715549FB4}.Release|Any CPU.ActiveCfg = Test|Any CPU
		{63C87CEF-CE4E-4A4A-968E-F97715549FB4}.Release|Any CPU.Build.0 = Test|Any CPU
		{63C87CEF-CE4E-4A4A-968E-F97715549FB4}.Test|Any CPU.ActiveCfg = Test|Any CPU
		{63C87CEF-CE4E-4A4A-968E-F97715549FB4}.Test|Any CPU.Build.0 = Test|Any CPU
		{83AE88F0-D973-41D2-B5E8-8DBBEAFD1F44}.Debug|Any CPU.ActiveCfg = Debug|Any CPU
		{83AE88F0-D973-41D2-B5E8-8DBBEAFD1F44}.Debug|Any CPU.Build.0 = Debug|Any CPU
		{83AE88F0-D973-41D2-B5E8-8DBBEAFD1F44}.Production|Any CPU.ActiveCfg = Production|Any CPU
		{83AE88F0-D973-41D2-B5E8-8DBBEAFD1F44}.Production|Any CPU.Build.0 = Production|Any CPU
		{83AE88F0-D973-41D2-B5E8-8DBBEAFD1F44}.Release|Any CPU.ActiveCfg = Test|Any CPU
		{83AE88F0-D973-41D2-B5E8-8DBBEAFD1F44}.Release|Any CPU.Build.0 = Test|Any CPU
		{83AE88F0-D973-41D2-B5E8-8DBBEAFD1F44}.Test|Any CPU.ActiveCfg = Test|Any CPU
		{83AE88F0-D973-41D2-B5E8-8DBBEAFD1F44}.Test|Any CPU.Build.0 = Test|Any CPU
		{23D3FBF4-49D3-44E6-9F6B-9FDC1EFA293E}.Debug|Any CPU.ActiveCfg = Debug|Any CPU
		{23D3FBF4-49D3-44E6-9F6B-9FDC1EFA293E}.Debug|Any CPU.Build.0 = Debug|Any CPU
		{23D3FBF4-49D3-44E6-9F6B-9FDC1EFA293E}.Production|Any CPU.ActiveCfg = Production|Any CPU
		{23D3FBF4-49D3-44E6-9F6B-9FDC1EFA293E}.Production|Any CPU.Build.0 = Production|Any CPU
		{23D3FBF4-49D3-44E6-9F6B-9FDC1EFA293E}.Release|Any CPU.ActiveCfg = Test|Any CPU
		{23D3FBF4-49D3-44E6-9F6B-9FDC1EFA293E}.Release|Any CPU.Build.0 = Test|Any CPU
		{23D3FBF4-49D3-44E6-9F6B-9FDC1EFA293E}.Test|Any CPU.ActiveCfg = Test|Any CPU
		{23D3FBF4-49D3-44E6-9F6B-9FDC1EFA293E}.Test|Any CPU.Build.0 = Test|Any CPU
		{6207440C-0D71-45FC-BBC8-AF12ADF25C99}.Debug|Any CPU.ActiveCfg = Debug|Any CPU
		{6207440C-0D71-45FC-BBC8-AF12ADF25C99}.Debug|Any CPU.Build.0 = Debug|Any CPU
		{6207440C-0D71-45FC-BBC8-AF12ADF25C99}.Production|Any CPU.ActiveCfg = Production|Any CPU
		{6207440C-0D71-45FC-BBC8-AF12ADF25C99}.Production|Any CPU.Build.0 = Production|Any CPU
		{6207440C-0D71-45FC-BBC8-AF12ADF25C99}.Release|Any CPU.ActiveCfg = Test|Any CPU
		{6207440C-0D71-45FC-BBC8-AF12ADF25C99}.Release|Any CPU.Build.0 = Test|Any CPU
		{6207440C-0D71-45FC-BBC8-AF12ADF25C99}.Test|Any CPU.ActiveCfg = Test|Any CPU
		{6207440C-0D71-45FC-BBC8-AF12ADF25C99}.Test|Any CPU.Build.0 = Test|Any CPU
	EndGlobalSection
	GlobalSection(SolutionProperties) = preSolution
		HideSolutionNode = FALSE
	EndGlobalSection
	GlobalSection(NestedProjects) = preSolution
		{DAE4F735-F7DE-4309-A906-22D2559224EF} = {6A096DDB-F36B-4F3F-9976-0E7A1596F051}
		{FD85D64F-083B-4B3D-B4FE-03DC15FDDE5E} = {6A096DDB-F36B-4F3F-9976-0E7A1596F051}
		{32724462-F7DD-4DCC-A6F2-59E11D754D37} = {6A096DDB-F36B-4F3F-9976-0E7A1596F051}
		{19C5C355-0662-4451-8D10-A154359D8F9C} = {6A096DDB-F36B-4F3F-9976-0E7A1596F051}
		{4ADD547B-3AA0-45D1-8974-78BA94DDDB08} = {4DCCCA72-8D7A-4987-9EEB-DF24990FAD6F}
		{98024785-F2AB-4B4D-BF61-4B44749739D5} = {4DCCCA72-8D7A-4987-9EEB-DF24990FAD6F}
		{39DC8A3D-5E21-4798-B859-37FC79A42482} = {D6A9ED4A-3D32-4BF6-AEB6-70014A282209}
		{721330DE-8F7A-4A72-89A5-57595F1853B1} = {D6A9ED4A-3D32-4BF6-AEB6-70014A282209}
		{63C87CEF-CE4E-4A4A-968E-F97715549FB4} = {D6A9ED4A-3D32-4BF6-AEB6-70014A282209}
		{83AE88F0-D973-41D2-B5E8-8DBBEAFD1F44} = {D6A9ED4A-3D32-4BF6-AEB6-70014A282209}
		{23D3FBF4-49D3-44E6-9F6B-9FDC1EFA293E} = {D6A9ED4A-3D32-4BF6-AEB6-70014A282209}
		{6207440C-0D71-45FC-BBC8-AF12ADF25C99} = {D6A9ED4A-3D32-4BF6-AEB6-70014A282209}
	EndGlobalSection
	GlobalSection(ExtensibilityGlobals) = postSolution
		RESX_ConfirmAddLanguageFile = False
		RESX_AutoCreateNewLanguageFiles = True
		RESX_DuplicateKeyHandling = Fail
		SolutionGuid = {EE9AE1E9-073B-4C87-8EE3-CEFECB7DEEF0}
		RESX_NeutralResourcesLanguage = bg-BG
		RESX_PrefixTranslations = False
	EndGlobalSection
EndGlobal
